// !$*UTF8*$!
{
	archiveVersion = 1;
	classes = {
	};
	objectVersion = 56;
	objects = {

/* Begin PBXBuildFile section */
		DACEE51B2D5BB57B00E8E578 /* Lab1_Nazneen_AkterNituApp.swift in Sources */ = {isa = PBXBuildFile; fileRef = DACEE51A2D5BB57B00E8E578 /* Lab1_Nazneen_AkterNituApp.swift */; };
		DACEE51D2D5BB57B00E8E578 /* ContentView.swift in Sources */ = {isa = PBXBuildFile; fileRef = DACEE51C2D5BB57B00E8E578 /* ContentView.swift */; };
		DACEE51F2D5BB57D00E8E578 /* Assets.xcassets in Resources */ = {isa = PBXBuildFile; fileRef = DACEE51E2D5BB57D00E8E578 /* Assets.xcassets */; };
		DACEE5222D5BB57D00E8E578 /* Preview Assets.xcassets in Resources */ = {isa = PBXBuildFile; fileRef = DACEE5212D5BB57D00E8E578 /* Preview Assets.xcassets */; };
		DACEE52C2D5BB57D00E8E578 /* Lab1_Nazneen_AkterNituTests.swift in Sources */ = {isa = PBXBuildFile; fileRef = DACEE52B2D5BB57D00E8E578 /* Lab1_Nazneen_AkterNituTests.swift */; };
		DACEE5362D5BB57D00E8E578 /* Lab1_Nazneen_AkterNituUITests.swift in Sources */ = {isa = PBXBuildFile; fileRef = DACEE5352D5BB57D00E8E578 /* Lab1_Nazneen_AkterNituUITests.swift */; };
		DACEE5382D5BB57D00E8E578 /* Lab1_Nazneen_AkterNituUITestsLaunchTests.swift in Sources */ = {isa = PBXBuildFile; fileRef = DACEE5372D5BB57D00E8E578 /* Lab1_Nazneen_AkterNituUITestsLaunchTests.swift */; };
/* End PBXBuildFile section */

/* Begin PBXContainerItemProxy section */
		DACEE5282D5BB57D00E8E578 /* PBXContainerItemProxy */ = {
			isa = PBXContainerItemProxy;
			containerPortal = DACEE50F2D5BB57B00E8E578 /* Project object */;
			proxyType = 1;
			remoteGlobalIDString = DACEE5162D5BB57B00E8E578;
			remoteInfo = Lab1_Nazneen_AkterNitu;
		};
		DACEE5322D5BB57D00E8E578 /* PBXContainerItemProxy */ = {
			isa = PBXContainerItemProxy;
			containerPortal = DACEE50F2D5BB57B00E8E578 /* Project object */;
			proxyType = 1;
			remoteGlobalIDString = DACEE5162D5BB57B00E8E578;
			remoteInfo = Lab1_Nazneen_AkterNitu;
		};
/* End PBXContainerItemProxy section */

/* Begin PBXFileReference section */
		DACEE5172D5BB57B00E8E578 /* Lab1_Nazneen_AkterNitu.app */ = {isa = PBXFileReference; explicitFileType = wrapper.application; includeInIndex = 0; path = Lab1_Nazneen_AkterNitu.app; sourceTree = BUILT_PRODUCTS_DIR; };
		DACEE51A2D5BB57B00E8E578 /* Lab1_Nazneen_AkterNituApp.swift */ = {isa = PBXFileReference; lastKnownFileType = sourcecode.swift; path = Lab1_Nazneen_AkterNituApp.swift; sourceTree = "<group>"; };
		DACEE51C2D5BB57B00E8E578 /* ContentView.swift */ = {isa = PBXFileReference; lastKnownFileType = sourcecode.swift; path = ContentView.swift; sourceTree = "<group>"; };
		DACEE51E2D5BB57D00E8E578 /* Assets.xcassets */ = {isa = PBXFileReference; lastKnownFileType = folder.assetcatalog; path = Assets.xcassets; sourceTree = "<group>"; };
		DACEE5212D5BB57D00E8E578 /* Preview Assets.xcassets */ = {isa = PBXFileReference; lastKnownFileType = folder.assetcatalog; path = "Preview Assets.xcassets"; sourceTree = "<group>"; };
		DACEE5272D5BB57D00E8E578 /* Lab1_Nazneen_AkterNituTests.xctest */ = {isa = PBXFileReference; explicitFileType = wrapper.cfbundle; includeInIndex = 0; path = Lab1_Nazneen_AkterNituTests.xctest; sourceTree = BUILT_PRODUCTS_DIR; };
		DACEE52B2D5BB57D00E8E578 /* Lab1_Nazneen_AkterNituTests.swift */ = {isa = PBXFileReference; lastKnownFileType = sourcecode.swift; path = Lab1_Nazneen_AkterNituTests.swift; sourceTree = "<group>"; };
		DACEE5312D5BB57D00E8E578 /* Lab1_Nazneen_AkterNituUITests.xctest */ = {isa = PBXFileReference; explicitFileType = wrapper.cfbundle; includeInIndex = 0; path = Lab1_Nazneen_AkterNituUITests.xctest; sourceTree = BUILT_PRODUCTS_DIR; };
		DACEE5352D5BB57D00E8E578 /* Lab1_Nazneen_AkterNituUITests.swift */ = {isa = PBXFileReference; lastKnownFileType = sourcecode.swift; path = Lab1_Nazneen_AkterNituUITests.swift; sourceTree = "<group>"; };
		DACEE5372D5BB57D00E8E578 /* Lab1_Nazneen_AkterNituUITestsLaunchTests.swift */ = {isa = PBXFileReference; lastKnownFileType = sourcecode.swift; path = Lab1_Nazneen_AkterNituUITestsLaunchTests.swift; sourceTree = "<group>"; };
/* End PBXFileReference section */

/* Begin PBXFrameworksBuildPhase section */
		DACEE5142D5BB57B00E8E578 /* Frameworks */ = {
			isa = PBXFrameworksBuildPhase;
			buildActionMask = 2147483647;
			files = (
			);
			runOnlyForDeploymentPostprocessing = 0;
		};
		DACEE5242D5BB57D00E8E578 /* Frameworks */ = {
			isa = PBXFrameworksBuildPhase;
			buildActionMask = 2147483647;
			files = (
			);
			runOnlyForDeploymentPostprocessing = 0;
		};
		DACEE52E2D5BB57D00E8E578 /* Frameworks */ = {
			isa = PBXFrameworksBuildPhase;
			buildActionMask = 2147483647;
			files = (
			);
			runOnlyForDeploymentPostprocessing = 0;
		};
/* End PBXFrameworksBuildPhase section */

/* Begin PBXGroup section */
		DACEE50E2D5BB57B00E8E578 = {
			isa = PBXGroup;
			children = (
				DACEE5192D5BB57B00E8E578 /* Lab1_Nazneen_AkterNitu */,
				DACEE52A2D5BB57D00E8E578 /* Lab1_Nazneen_AkterNituTests */,
				DACEE5342D5BB57D00E8E578 /* Lab1_Nazneen_AkterNituUITests */,
				DACEE5182D5BB57B00E8E578 /* Products */,
			);
			sourceTree = "<group>";
		};
		DACEE5182D5BB57B00E8E578 /* Products */ = {
			isa = PBXGroup;
			children = (
				DACEE5172D5BB57B00E8E578 /* Lab1_Nazneen_AkterNitu.app */,
				DACEE5272D5BB57D00E8E578 /* Lab1_Nazneen_AkterNituTests.xctest */,
				DACEE5312D5BB57D00E8E578 /* Lab1_Nazneen_AkterNituUITests.xctest */,
			);
			name = Products;
			sourceTree = "<group>";
		};
		DACEE5192D5BB57B00E8E578 /* Lab1_Nazneen_AkterNitu */ = {
			isa = PBXGroup;
			children = (
				DACEE51A2D5BB57B00E8E578 /* Lab1_Nazneen_AkterNituApp.swift */,
				DACEE51C2D5BB57B00E8E578 /* ContentView.swift */,
				DACEE51E2D5BB57D00E8E578 /* Assets.xcassets */,
				DACEE5202D5BB57D00E8E578 /* Preview Content */,
			);
			path = Lab1_Nazneen_AkterNitu;
			sourceTree = "<group>";
		};
		DACEE5202D5BB57D00E8E578 /* Preview Content */ = {
			isa = PBXGroup;
			children = (
				DACEE5212D5BB57D00E8E578 /* Preview Assets.xcassets */,
			);
			path = "Preview Content";
			sourceTree = "<group>";
		};
		DACEE52A2D5BB57D00E8E578 /* Lab1_Nazneen_AkterNituTests */ = {
			isa = PBXGroup;
			children = (
				DACEE52B2D5BB57D00E8E578 /* Lab1_Nazneen_AkterNituTests.swift */,
			);
			path = Lab1_Nazneez_AkterNituTests;
			sourceTree = "<group>";
		};
		DACEE5342D5BB57D00E8E578 /* Lab1_Nazneen_AkterNituUITests */ = {
			isa = PBXGroup;
			children = (
				DACEE5352D5BB57D00E8E578 /* Lab1_Nazneen_AkterNituUITests.swift */,
				DACEE5372D5BB57D00E8E578 /* Lab1_Nazneen_AkterNituUITestsLaunchTests.swift */,
			);
			path = Lab1_Nazneen_AkterNituUITests;
			sourceTree = "<group>";
		};
/* End PBXGroup section */

/* Begin PBXNativeTarget section */
		DACEE5162D5BB57B00E8E578 /* Lab1_Nazneen_AkterNitu */ = {
			isa = PBXNativeTarget;
			buildConfigurationList = DACEE53B2D5BB57D00E8E578 /* Build configuration list for PBXNativeTarget "Lab1_Nazneen_AkterNitu" */;
			buildPhases = (
				DACEE5132D5BB57B00E8E578 /* Sources */,
				DACEE5142D5BB57B00E8E578 /* Frameworks */,
				DACEE5152D5BB57B00E8E578 /* Resources */,
			);
			buildRules = (
			);
			dependencies = (
			);
			name = Lab1_Nazneen_AkterNitu;
			productName = Lab1_Nazneen_AkterNitu;
			productReference = DACEE5172D5BB57B00E8E578 /* Lab1_Nazneen_AkterNitu.app */;
			productType = "com.apple.product-type.application";
		};
		DACEE5262D5BB57D00E8E578 /* Lab1_Nazneen_AkterNituTests */ = {
			isa = PBXNativeTarget;
			buildConfigurationList = DACEE53E2D5BB57D00E8E578 /* Build configuration list for PBXNativeTarget "Lab1_Nazneen_AkterNituTests" */;
			buildPhases = (
				DACEE5232D5BB57D00E8E578 /* Sources */,
				DACEE5242D5BB57D00E8E578 /* Frameworks */,
				DACEE5252D5BB57D00E8E578 /* Resources */,
			);
			buildRules = (
			);
			dependencies = (
				DACEE5292D5BB57D00E8E578 /* PBXTargetDependency */,
			);
			name = Lab1_Nazneen_AkterNituTests;
			productName = Lab1_Nazneen_AkterNituTests;
			productReference = DACEE5272D5BB57D00E8E578 /* Lab1_Nazneen_AkterNituTests.xctest */;
			productType = "com.apple.product-type.bundle.unit-test";
		};
		DACEE5302D5BB57D00E8E578 /* Lab1_Nazneen_AkterNituUITests */ = {
			isa = PBXNativeTarget;
			buildConfigurationList = DACEE5412D5BB57D00E8E578 /* Build configuration list for PBXNativeTarget "Lab1_Nazneen_AkterNituUITests" */;
			buildPhases = (
				DACEE52D2D5BB57D00E8E578 /* Sources */,
				DACEE52E2D5BB57D00E8E578 /* Frameworks */,
				DACEE52F2D5BB57D00E8E578 /* Resources */,
			);
			buildRules = (
			);
			dependencies = (
				DACEE5332D5BB57D00E8E578 /* PBXTargetDependency */,
			);
			name = Lab1_Nazneen_AkterNituUITests;
			productName = Lab1_Nazneen_AkterNituUITests;
			productReference = DACEE5312D5BB57D00E8E578 /* Lab1_Nazneen_AkterNituUITests.xctest */;
			productType = "com.apple.product-type.bundle.ui-testing";
		};
/* End PBXNativeTarget section */

/* Begin PBXProject section */
		DACEE50F2D5BB57B00E8E578 /* Project object */ = {
			isa = PBXProject;
			attributes = {
				BuildIndependentTargetsInParallel = 1;
				LastSwiftUpdateCheck = 1520;
				LastUpgradeCheck = 1520;
				TargetAttributes = {
					DACEE5162D5BB57B00E8E578 = {
						CreatedOnToolsVersion = 15.2;
					};
					DACEE5262D5BB57D00E8E578 = {
						CreatedOnToolsVersion = 15.2;
						TestTargetID = DACEE5162D5BB57B00E8E578;
					};
					DACEE5302D5BB57D00E8E578 = {
						CreatedOnToolsVersion = 15.2;
						TestTargetID = DACEE5162D5BB57B00E8E578;
					};
				};
			};
			buildConfigurationList = DACEE5122D5BB57B00E8E578 /* Build configuration list for PBXProject "Lab1_Nazneen_AkterNitu" */;
			compatibilityVersion = "Xcode 14.0";
			developmentRegion = en;
			hasScannedForEncodings = 0;
			knownRegions = (
				en,
				Base,
			);
			mainGroup = DACEE50E2D5BB57B00E8E578;
			productRefGroup = DACEE5182D5BB57B00E8E578 /* Products */;
			projectDirPath = "";
			projectRoot = "";
			targets = (
				DACEE5162D5BB57B00E8E578 /* Lab1_Nazneen_AkterNitu */,
				DACEE5262D5BB57D00E8E578 /* Lab1_Nazneen_AkterNituTests */,
				DACEE5302D5BB57D00E8E578 /* Lab1_Nazneen_AkterNituUITests */,
			);
		};
/* End PBXProject section */

/* Begin PBXResourcesBuildPhase section */
		DACEE5152D5BB57B00E8E578 /* Resources */ = {
			isa = PBXResourcesBuildPhase;
			buildActionMask = 2147483647;
			files = (
				DACEE5222D5BB57D00E8E578 /* Preview Assets.xcassets in Resources */,
				DACEE51F2D5BB57D00E8E578 /* Assets.xcassets in Resources */,
			);
			runOnlyForDeploymentPostprocessing = 0;
		};
		DACEE5252D5BB57D00E8E578 /* Resources */ = {
			isa = PBXResourcesBuildPhase;
			buildActionMask = 2147483647;
			files = (
			);
			runOnlyForDeploymentPostprocessing = 0;
		};
		DACEE52F2D5BB57D00E8E578 /* Resources */ = {
			isa = PBXResourcesBuildPhase;
			buildActionMask = 2147483647;
			files = (
			);
			runOnlyForDeploymentPostprocessing = 0;
		};
/* End PBXResourcesBuildPhase section */

/* Begin PBXSourcesBuildPhase section */
		DACEE5132D5BB57B00E8E578 /* Sources */ = {
			isa = PBXSourcesBuildPhase;
			buildActionMask = 2147483647;
			files = (
				DACEE51D2D5BB57B00E8E578 /* ContentView.swift in Sources */,
				DACEE51B2D5BB57B00E8E578 /* Lab1_Nazneen_AkterNituApp.swift in Sources */,
			);
			runOnlyForDeploymentPostprocessing = 0;
		};
		DACEE5232D5BB57D00E8E578 /* Sources */ = {
			isa = PBXSourcesBuildPhase;
			buildActionMask = 2147483647;
			files = (
				DACEE52C2D5BB57D00E8E578 /* Lab1_Nazneen_AkterNituTests.swift in Sources */,
			);
			runOnlyForDeploymentPostprocessing = 0;
		};
		DACEE52D2D5BB57D00E8E578 /* Sources */ = {
			isa = PBXSourcesBuildPhase;
			buildActionMask = 2147483647;
			files = (
				DACEE5382D5BB57D00E8E578 /* Lab1_Nazneen_AkterNituUITestsLaunchTests.swift in Sources */,
				DACEE5362D5BB57D00E8E578 /* Lab1_Nazneen_AkterNituUITests.swift in Sources */,
			);
			runOnlyForDeploymentPostprocessing = 0;
		};
/* End PBXSourcesBuildPhase section */

/* Begin PBXTargetDependency section */
		DACEE5292D5BB57D00E8E578 /* PBXTargetDependency */ = {
			isa = PBXTargetDependency;
			target = DACEE5162D5BB57B00E8E578 /* Lab1_Nazneen_AkterNitu */;
			targetProxy = DACEE5282D5BB57D00E8E578 /* PBXContainerItemProxy */;
		};
		DACEE5332D5BB57D00E8E578 /* PBXTargetDependency */ = {
			isa = PBXTargetDependency;
			target = DACEE5162D5BB57B00E8E578 /* Lab1_Nazneen_AkterNitu */;
			targetProxy = DACEE5322D5BB57D00E8E578 /* PBXContainerItemProxy */;
		};
/* End PBXTargetDependency section */

/* Begin XCBuildConfiguration section */
		DACEE5392D5BB57D00E8E578 /* Debug */ = {
			isa = XCBuildConfiguration;
			buildSettings = {
				ALWAYS_SEARCH_USER_PATHS = NO;
				ASSETCATALOG_COMPILER_GENERATE_SWIFT_ASSET_SYMBOL_EXTENSIONS = YES;
				CLANG_ANALYZER_NONNULL = YES;
				CLANG_ANALYZER_NUMBER_OBJECT_CONVERSION = YES_AGGRESSIVE;
				CLANG_CXX_LANGUAGE_STANDARD = "gnu++20";
				CLANG_ENABLE_MODULES = YES;
				CLANG_ENABLE_OBJC_ARC = YES;
				CLANG_ENABLE_OBJC_WEAK = YES;
				CLANG_WARN_BLOCK_CAPTURE_AUTORELEASING = YES;
				CLANG_WARN_BOOL_CONVERSION = YES;
				CLANG_WARN_COMMA = YES;
				CLANG_WARN_CONSTANT_CONVERSION = YES;
				CLANG_WARN_DEPRECATED_OBJC_IMPLEMENTATIONS = YES;
				CLANG_WARN_DIRECT_OBJC_ISA_USAGE = YES_ERROR;
				CLANG_WARN_DOCUMENTATION_COMMENTS = YES;
				CLANG_WARN_EMPTY_BODY = YES;
				CLANG_WARN_ENUM_CONVERSION = YES;
				CLANG_WARN_INFINITE_RECURSION = YES;
				CLANG_WARN_INT_CONVERSION = YES;
				CLANG_WARN_NON_LITERAL_NULL_CONVERSION = YES;
				CLANG_WARN_OBJC_IMPLICIT_RETAIN_SELF = YES;
				CLANG_WARN_OBJC_LITERAL_CONVERSION = YES;
				CLANG_WARN_OBJC_ROOT_CLASS = YES_ERROR;
				CLANG_WARN_QUOTED_INCLUDE_IN_FRAMEWORK_HEADER = YES;
				CLANG_WARN_RANGE_LOOP_ANALYSIS = YES;
				CLANG_WARN_STRICT_PROTOTYPES = YES;
				CLANG_WARN_SUSPICIOUS_MOVE = YES;
				CLANG_WARN_UNGUARDED_AVAILABILITY = YES_AGGRESSIVE;
				CLANG_WARN_UNREACHABLE_CODE = YES;
				CLANG_WARN__DUPLICATE_METHOD_MATCH = YES;
				COPY_PHASE_STRIP = NO;
				DEBUG_INFORMATION_FORMAT = dwarf;
				ENABLE_STRICT_OBJC_MSGSEND = YES;
				ENABLE_TESTABILITY = YES;
				ENABLE_USER_SCRIPT_SANDBOXING = YES;
				GCC_C_LANGUAGE_STANDARD = gnu17;
				GCC_DYNAMIC_NO_PIC = NO;
				GCC_NO_COMMON_BLOCKS = YES;
				GCC_OPTIMIZATION_LEVEL = 0;
				GCC_PREPROCESSOR_DEFINITIONS = (
					"DEBUG=1",
					"$(inherited)",
				);
				GCC_WARN_64_TO_32_BIT_CONVERSION = YES;
				GCC_WARN_ABOUT_RETURN_TYPE = YES_ERROR;
				GCC_WARN_UNDECLARED_SELECTOR = YES;
				GCC_WARN_UNINITIALIZED_AUTOS = YES_AGGRESSIVE;
				GCC_WARN_UNUSED_FUNCTION = YES;
				GCC_WARN_UNUSED_VARIABLE = YES;
				IPHONEOS_DEPLOYMENT_TARGET = 17.2;
				LOCALIZATION_PREFERS_STRING_CATALOGS = YES;
				MTL_ENABLE_DEBUG_INFO = INCLUDE_SOURCE;
				MTL_FAST_MATH = YES;
				ONLY_ACTIVE_ARCH = YES;
				SDKROOT = iphoneos;
				SWIFT_ACTIVE_COMPILATION_CONDITIONS = "DEBUG $(inherited)";
				SWIFT_OPTIMIZATION_LEVEL = "-Onone";
			};
			name = Debug;
		};
		DACEE53A2D5BB57D00E8E578 /* Release */ = {
			isa = XCBuildConfiguration;
			buildSettings = {
				ALWAYS_SEARCH_USER_PATHS = NO;
				ASSETCATALOG_COMPILER_GENERATE_SWIFT_ASSET_SYMBOL_EXTENSIONS = YES;
				CLANG_ANALYZER_NONNULL = YES;
				CLANG_ANALYZER_NUMBER_OBJECT_CONVERSION = YES_AGGRESSIVE;
				CLANG_CXX_LANGUAGE_STANDARD = "gnu++20";
				CLANG_ENABLE_MODULES = YES;
				CLANG_ENABLE_OBJC_ARC = YES;
				CLANG_ENABLE_OBJC_WEAK = YES;
				CLANG_WARN_BLOCK_CAPTURE_AUTORELEASING = YES;
				CLANG_WARN_BOOL_CONVERSION = YES;
				CLANG_WARN_COMMA = YES;
				CLANG_WARN_CONSTANT_CONVERSION = YES;
				CLANG_WARN_DEPRECATED_OBJC_IMPLEMENTATIONS = YES;
				CLANG_WARN_DIRECT_OBJC_ISA_USAGE = YES_ERROR;
				CLANG_WARN_DOCUMENTATION_COMMENTS = YES;
				CLANG_WARN_EMPTY_BODY = YES;
				CLANG_WARN_ENUM_CONVERSION = YES;
				CLANG_WARN_INFINITE_RECURSION = YES;
				CLANG_WARN_INT_CONVERSION = YES;
				CLANG_WARN_NON_LITERAL_NULL_CONVERSION = YES;
				CLANG_WARN_OBJC_IMPLICIT_RETAIN_SELF = YES;
				CLANG_WARN_OBJC_LITERAL_CONVERSION = YES;
				CLANG_WARN_OBJC_ROOT_CLASS = YES_ERROR;
				CLANG_WARN_QUOTED_INCLUDE_IN_FRAMEWORK_HEADER = YES;
				CLANG_WARN_RANGE_LOOP_ANALYSIS = YES;
				CLANG_WARN_STRICT_PROTOTYPES = YES;
				CLANG_WARN_SUSPICIOUS_MOVE = YES;
				CLANG_WARN_UNGUARDED_AVAILABILITY = YES_AGGRESSIVE;
				CLANG_WARN_UNREACHABLE_CODE = YES;
				CLANG_WARN__DUPLICATE_METHOD_MATCH = YES;
				COPY_PHASE_STRIP = NO;
				DEBUG_INFORMATION_FORMAT = "dwarf-with-dsym";
				ENABLE_NS_ASSERTIONS = NO;
				ENABLE_STRICT_OBJC_MSGSEND = YES;
				ENABLE_USER_SCRIPT_SANDBOXING = YES;
				GCC_C_LANGUAGE_STANDARD = gnu17;
				GCC_NO_COMMON_BLOCKS = YES;
				GCC_WARN_64_TO_32_BIT_CONVERSION = YES;
				GCC_WARN_ABOUT_RETURN_TYPE = YES_ERROR;
				GCC_WARN_UNDECLARED_SELECTOR = YES;
				GCC_WARN_UNINITIALIZED_AUTOS = YES_AGGRESSIVE;
				GCC_WARN_UNUSED_FUNCTION = YES;
				GCC_WARN_UNUSED_VARIABLE = YES;
				IPHONEOS_DEPLOYMENT_TARGET = 17.2;
				LOCALIZATION_PREFERS_STRING_CATALOGS = YES;
				MTL_ENABLE_DEBUG_INFO = NO;
				MTL_FAST_MATH = YES;
				SDKROOT = iphoneos;
				SWIFT_COMPILATION_MODE = wholemodule;
				VALIDATE_PRODUCT = YES;
			};
			name = Release;
		};
		DACEE53C2D5BB57D00E8E578 /* Debug */ = {
			isa = XCBuildConfiguration;
			buildSettings = {
				ASSETCATALOG_COMPILER_APPICON_NAME = AppIcon;
				ASSETCATALOG_COMPILER_GLOBAL_ACCENT_COLOR_NAME = AccentColor;
				CODE_SIGN_STYLE = Automatic;
				CURRENT_PROJECT_VERSION = 1;
				DEVELOPMENT_ASSET_PATHS = "\"Lab1_Nazneen_AkterNitu/Preview Content\"";
				ENABLE_PREVIEWS = YES;
				GENERATE_INFOPLIST_FILE = YES;
				INFOPLIST_KEY_UIApplicationSceneManifest_Generation = YES;
				INFOPLIST_KEY_UIApplicationSupportsIndirectInputEvents = YES;
				INFOPLIST_KEY_UILaunchScreen_Generation = YES;
				INFOPLIST_KEY_UISupportedInterfaceOrientations_iPad = "UIInterfaceOrientationPortrait UIInterfaceOrientationPortraitUpsideDown UIInterfaceOrientationLandscapeLeft UIInterfaceOrientationLandscapeRight";
				INFOPLIST_KEY_UISupportedInterfaceOrientations_iPhone = "UIInterfaceOrientationPortrait UIInterfaceOrientationLandscapeLeft UIInterfaceOrientationLandscapeRight";
				LD_RUNPATH_SEARCH_PATHS = (
					"$(inherited)",
					"@executable_path/Frameworks",
				);
				MARKETING_VERSION = 1.0;
				PRODUCT_BUNDLE_IDENTIFIER = "ca.gbc.Lab1-Nazneen-AkterNitu";
				PRODUCT_NAME = "$(TARGET_NAME)";
				SWIFT_EMIT_LOC_STRINGS = YES;
				SWIFT_VERSION = 5.0;
				TARGETED_DEVICE_FAMILY = "1,2";
			};
			name = Debug;
		};
		DACEE53D2D5BB57D00E8E578 /* Release */ = {
			isa = XCBuildConfiguration;
			buildSettings = {
				ASSETCATALOG_COMPILER_APPICON_NAME = AppIcon;
				ASSETCATALOG_COMPILER_GLOBAL_ACCENT_COLOR_NAME = AccentColor;
				CODE_SIGN_STYLE = Automatic;
				CURRENT_PROJECT_VERSION = 1;
				DEVELOPMENT_ASSET_PATHS = "\"Lab1_Nazneen_AkterNitu/Preview Content\"";
				ENABLE_PREVIEWS = YES;
				GENERATE_INFOPLIST_FILE = YES;
				INFOPLIST_KEY_UIApplicationSceneManifest_Generation = YES;
				INFOPLIST_KEY_UIApplicationSupportsIndirectInputEvents = YES;
				INFOPLIST_KEY_UILaunchScreen_Generation = YES;
				INFOPLIST_KEY_UISupportedInterfaceOrientations_iPad = "UIInterfaceOrientationPortrait UIInterfaceOrientationPortraitUpsideDown UIInterfaceOrientationLandscapeLeft UIInterfaceOrientationLandscapeRight";
				INFOPLIST_KEY_UISupportedInterfaceOrientations_iPhone = "UIInterfaceOrientationPortrait UIInterfaceOrientationLandscapeLeft UIInterfaceOrientationLandscapeRight";
				LD_RUNPATH_SEARCH_PATHS = (
					"$(inherited)",
					"@executable_path/Frameworks",
				);
				MARKETING_VERSION = 1.0;
				PRODUCT_BUNDLE_IDENTIFIER = "ca.gbc.Lab1-Nazneen-AkterNitu";
				PRODUCT_NAME = "$(TARGET_NAME)";
				SWIFT_EMIT_LOC_STRINGS = YES;
				SWIFT_VERSION = 5.0;
				TARGETED_DEVICE_FAMILY = "1,2";
			};
			name = Release;
		};
		DACEE53F2D5BB57D00E8E578 /* Debug */ = {
			isa = XCBuildConfiguration;
			buildSettings = {
				ALWAYS_EMBED_SWIFT_STANDARD_LIBRARIES = YES;
				BUNDLE_LOADER = "$(TEST_HOST)";
				CODE_SIGN_STYLE = Automatic;
				CURRENT_PROJECT_VERSION = 1;
				GENERATE_INFOPLIST_FILE = YES;
				IPHONEOS_DEPLOYMENT_TARGET = 17.2;
				MARKETING_VERSION = 1.0;
				PRODUCT_BUNDLE_IDENTIFIER = "ca.gbc.Lab1-Nazneen-AkterNituTests";
				PRODUCT_NAME = "$(TARGET_NAME)";
				SWIFT_EMIT_LOC_STRINGS = NO;
				SWIFT_VERSION = 5.0;
				TARGETED_DEVICE_FAMILY = "1,2";
				TEST_HOST = "$(BUILT_PRODUCTS_DIR)/Lab1_Nazneen_AkterNitu.app/$(BUNDLE_EXECUTABLE_FOLDER_PATH)/Lab1_Nazneen_AkterNitu";
			};
			name = Debug;
		};
		DACEE5402D5BB57D00E8E578 /* Release */ = {
			isa = XCBuildConfiguration;
			buildSettings = {
				ALWAYS_EMBED_SWIFT_STANDARD_LIBRARIES = YES;
				BUNDLE_LOADER = "$(TEST_HOST)";
				CODE_SIGN_STYLE = Automatic;
				CURRENT_PROJECT_VERSION = 1;
				GENERATE_INFOPLIST_FILE = YES;
				IPHONEOS_DEPLOYMENT_TARGET = 17.2;
				MARKETING_VERSION = 1.0;
				PRODUCT_BUNDLE_IDENTIFIER = "ca.gbc.Lab1-Nazneen-AkterNituTests";
				PRODUCT_NAME = "$(TARGET_NAME)";
				SWIFT_EMIT_LOC_STRINGS = NO;
				SWIFT_VERSION = 5.0;
				TARGETED_DEVICE_FAMILY = "1,2";
				TEST_HOST = "$(BUILT_PRODUCTS_DIR)/Lab1_Nazneen_AkterNitu.app/$(BUNDLE_EXECUTABLE_FOLDER_PATH)/Lab1_Nazneen_AkterNitu";
			};
			name = Release;
		};
		DACEE5422D5BB57D00E8E578 /* Debug */ = {
			isa = XCBuildConfiguration;
			buildSettings = {
				ALWAYS_EMBED_SWIFT_STANDARD_LIBRARIES = YES;
				CODE_SIGN_STYLE = Automatic;
				CURRENT_PROJECT_VERSION = 1;
				GENERATE_INFOPLIST_FILE = YES;
				MARKETING_VERSION = 1.0;
				PRODUCT_BUNDLE_IDENTIFIER = "ca.gbc.Lab1-Nazneen-AkterNituUITests";
				PRODUCT_NAME = "$(TARGET_NAME)";
				SWIFT_EMIT_LOC_STRINGS = NO;
				SWIFT_VERSION = 5.0;
				TARGETED_DEVICE_FAMILY = "1,2";
				TEST_TARGET_NAME = Lab1_Nazneen_AkterNitu;
			};
			name = Debug;
		};
		DACEE5432D5BB57D00E8E578 /* Release */ = {
			isa = XCBuildConfiguration;
			buildSettings = {
				ALWAYS_EMBED_SWIFT_STANDARD_LIBRARIES = YES;
				CODE_SIGN_STYLE = Automatic;
				CURRENT_PROJECT_VERSION = 1;
				GENERATE_INFOPLIST_FILE = YES;
				MARKETING_VERSION = 1.0;
				PRODUCT_BUNDLE_IDENTIFIER = "ca.gbc.Lab1-Nazneen-AkterNituUITests";
				PRODUCT_NAME = "$(TARGET_NAME)";
				SWIFT_EMIT_LOC_STRINGS = NO;
				SWIFT_VERSION = 5.0;
				TARGETED_DEVICE_FAMILY = "1,2";
				TEST_TARGET_NAME = Lab1_Nazneen_AkterNitu;
			};
			name = Release;
		};
/* End XCBuildConfiguration section */

/* Begin XCConfigurationList section */
		DACEE5122D5BB57B00E8E578 /* Build configuration list for PBXProject "Lab1_Nazneen_AkterNitu" */ = {
			isa = XCConfigurationList;
			buildConfigurations = (
				DACEE5392D5BB57D00E8E578 /* Debug */,
				DACEE53A2D5BB57D00E8E578 /* Release */,
			);
			defaultConfigurationIsVisible = 0;
			defaultConfigurationName = Release;
		};
		DACEE53B2D5BB57D00E8E578 /* Build configuration list for PBXNativeTarget "Lab1_Nazneen_AkterNitu" */ = {
			isa = XCConfigurationList;
			buildConfigurations = (
				DACEE53C2D5BB57D00E8E578 /* Debug */,
				DACEE53D2D5BB57D00E8E578 /* Release */,
			);
			defaultConfigurationIsVisible = 0;
			defaultConfigurationName = Release;
		};
		DACEE53E2D5BB57D00E8E578 /* Build configuration list for PBXNativeTarget "Lab1_Nazneen_AkterNituTests" */ = {
			isa = XCConfigurationList;
			buildConfigurations = (
				DACEE53F2D5BB57D00E8E578 /* Debug */,
				DACEE5402D5BB57D00E8E578 /* Release */,
			);
			defaultConfigurationIsVisible = 0;
			defaultConfigurationName = Release;
		};
		DACEE5412D5BB57D00E8E578 /* Build configuration list for PBXNativeTarget "Lab1_Nazneen_AkterNituUITests" */ = {
			isa = XCConfigurationList;
			buildConfigurations = (
				DACEE5422D5BB57D00E8E578 /* Debug */,
				DACEE5432D5BB57D00E8E578 /* Release */,
			);
			defaultConfigurationIsVisible = 0;
			defaultConfigurationName = Release;
		};
/* End XCConfigurationList section */
	};
	rootObject = DACEE50F2D5BB57B00E8E578 /* Project object */;
}
